
Microsoft Visual Studio Solution File, Format Version 12.00
# Visual Studio 15
VisualStudioVersion = 15.0.28307.168
MinimumVisualStudioVersion = 10.0.40219.1
Project("{FAE04EC0-301F-11D3-BF4B-00C04F79EFBC}") = "PhotoFilterSDK", "PhotoFilterSDK\PhotoFilterSDK.csproj", "{F6DBC3CF-1D29-4AE5-B207-D10D5596B10E}"
EndProject
Project("{FAE04EC0-301F-11D3-BF4B-00C04F79EFBC}") = "BurcuPhotoFilters", "BurcuPhotoFilters\BurcuPhotoFilters.csproj", "{8E9CEB39-0927-4974-B7D5-DFD0725F875B}"
EndProject
Project("{FAE04EC0-301F-11D3-BF4B-00C04F79EFBC}") = "PhotoFilterApp", "PhotoFilterApp\PhotoFilterApp.csproj", "{BB6CD65A-37C0-4F73-B44A-30D1F353C0E1}"
EndProject
Global
	GlobalSection(SolutionConfigurationPlatforms) = preSolution
		Debug|Any CPU = Debug|Any CPU
		Release|Any CPU = Release|Any CPU
	EndGlobalSection
	GlobalSection(ProjectConfigurationPlatforms) = postSolution
		{F6DBC3CF-1D29-4AE5-B207-D10D5596B10E}.Debug|Any CPU.ActiveCfg = Debug|Any CPU
		{F6DBC3CF-1D29-4AE5-B207-D10D5596B10E}.Debug|Any CPU.Build.0 = Debug|Any CPU
		{F6DBC3CF-1D29-4AE5-B207-D10D5596B10E}.Release|Any CPU.ActiveCfg = Release|Any CPU
		{F6DBC3CF-1D29-4AE5-B207-D10D5596B10E}.Release|Any CPU.Build.0 = Release|Any CPU
		{8E9CEB39-0927-4974-B7D5-DFD0725F875B}.Debug|Any CPU.ActiveCfg = Debug|Any CPU
		{8E9CEB39-0927-4974-B7D5-DFD0725F875B}.Debug|Any CPU.Build.0 = Debug|Any CPU
		{8E9CEB39-0927-4974-B7D5-DFD0725F875B}.Release|Any CPU.ActiveCfg = Release|Any CPU
		{8E9CEB39-0927-4974-B7D5-DFD0725F875B}.Release|Any CPU.Build.0 = Release|Any CPU
		{BB6CD65A-37C0-4F73-B44A-30D1F353C0E1}.Debug|Any CPU.ActiveCfg = Debug|Any CPU
		{BB6CD65A-37C0-4F73-B44A-30D1F353C0E1}.Debug|Any CPU.Build.0 = Debug|Any CPU
		{BB6CD65A-37C0-4F73-B44A-30D1F353C0E1}.Release|Any CPU.ActiveCfg = Release|Any CPU
		{BB6CD65A-37C0-4F73-B44A-30D1F353C0E1}.Release|Any CPU.Build.0 = Release|Any CPU
	EndGlobalSection
	GlobalSection(SolutionProperties) = preSolution
		HideSolutionNode = FALSE
	EndGlobalSection
	GlobalSection(ExtensibilityGlobals) = postSolution
		SolutionGuid = {47FB697F-7673-43C8-BE04-F76DE548683D}
	EndGlobalSection
EndGlobal
